dependencies:
- name: common
  repository: https://bjw-s.github.io/helm-charts
  version: 2.5.0
- name: beam-blobcache-chart
  repository: oci://public.ecr.aws/n4e0e1y0
  version: 0.1.0
- name: redis
  repository: https://charts.bitnami.com/bitnami
  version: 18.9.1
- name: redis
  repository: https://charts.bitnami.com/bitnami
  version: 18.9.1
- name: postgresql
  repository: https://charts.bitnami.com/bitnami
  version: 13.4.3
- name: grafana
  repository: https://grafana.github.io/helm-charts
  version: 7.3.0
- name: victoria-metrics-single
  repository: https://victoriametrics.github.io/helm-charts
  version: 0.9.15
- name: victoria-metrics-agent
  repository: https://victoriametrics.github.io/helm-charts
  version: 0.9.17
- name: victoria-logs-single
  repository: https://victoriametrics.github.io/helm-charts
  version: 0.3.4
- name: fluent-bit
  repository: https://fluent.github.io/helm-charts
  version: 0.43.0
digest: sha256:e49708089b6f7bc39642e2097318a1332b861a1efb3d9402d6d80836620d7c9b
generated: "2024-02-09T11:44:51.71411-05:00"
