dependencies:
- name: common
  repository: https://bjw-s.github.io/helm-charts
  version: 2.5.0
- name: beam-blobcache-chart
  repository: oci://public.ecr.aws/n4e0e1y0
  version: 0.1.1
- name: redis
  repository: https://charts.bitnami.com/bitnami
  version: 18.9.1
- name: redis
  repository: https://charts.bitnami.com/bitnami
  version: 18.9.1
- name: postgresql
  repository: https://charts.bitnami.com/bitnami
  version: 13.4.3
- name: grafana
  repository: https://grafana.github.io/helm-charts
  version: 7.3.0
- name: victoria-metrics-single
  repository: https://victoriametrics.github.io/helm-charts
  version: 0.9.15
- name: victoria-metrics-agent
  repository: https://victoriametrics.github.io/helm-charts
  version: 0.9.17
- name: victoria-logs-single
  repository: https://victoriametrics.github.io/helm-charts
  version: 0.3.4
- name: fluent-bit
  repository: https://fluent.github.io/helm-charts
  version: 0.43.0
digest: sha256:17271b1ca6c3380af46d27e5c547912200b4135e2a44de7defc3632926b83080
generated: "2024-04-30T14:51:10.219492-04:00"
